<?xml version="1.0" encoding="utf-8"?>
<Project ToolsVersion="4.0" xmlns="http://schemas.microsoft.com/developer/msbuild/2003">
  <ItemGroup>
    <Filter Include="Source Files">
      <UniqueIdentifier>{4FC737F1-C7A5-4376-A066-2A32D752A2FF}</UniqueIdentifier>
      <Extensions>cpp;c;cc;cxx;c++;cppm;ixx;def;odl;idl;hpj;bat;asm;asmx</Extensions>
    </Filter>
    <Filter Include="Header Files">
      <UniqueIdentifier>{93995380-89BD-4b04-88EB-625FBE52EBFB}</UniqueIdentifier>
      <Extensions>h;hh;hpp;hxx;h++;hm;inl;inc;ipp;xsd</Extensions>
    </Filter>
    <Filter Include="Resource Files">
      <UniqueIdentifier>{67DA6AB6-F800-4c08-8B7A-83BB121AAD01}</UniqueIdentifier>
      <Extensions>rc;ico;cur;bmp;dlg;rc2;rct;bin;rgs;gif;jpg;jpeg;jpe;resx;tiff;tif;png;wav;mfcribbon-ms</Extensions>
    </Filter>
  </ItemGroup>
  <ItemGroup>
    <ClCompile Include="src\raytracer.cpp">
      <Filter>Source Files</Filter>
    </ClCompile>
  </ItemGroup>
  <ItemGroup>
    <ClInclude Include="include\FreeImage.h">
      <Filter>Header Files</Filter>
    </ClInclude>
    <ClInclude Include="src\Camera.h">
      <Filter>Header Files</Filter>
    </ClInclude>
    <ClInclude Include="src\Ray.h">
      <Filter>Header Files</Filter>
    </ClInclude>
    <ClInclude Include="src\Intersection.h">
      <Filter>Header Files</Filter>
    </ClInclude>
    <ClInclude Include="src\Scene.h">
      <Filter>Header Files</Filter>
    </ClInclude>
    <ClInclude Include="src\Sphere.h">
      <Filter>Header Files</Filter>
    </ClInclude>
    <ClInclude Include="src\DirectionalLight.h">
      <Filter>Header Files</Filter>
    </ClInclude>
    <ClInclude Include="src\Triangle.h">
      <Filter>Header Files</Filter>
    </ClInclude>
    <ClInclude Include="src\PointLight.h">
      <Filter>Header Files</Filter>
    </ClInclude>
    <ClInclude Include="src\Texture.h">
      <Filter>Header Files</Filter>
    </ClInclude>
    <ClInclude Include="src\QuadLight.h">
      <Filter>Header Files</Filter>
    </ClInclude>
  </ItemGroup>
  <ItemGroup>
    <None Include=".gitignore" />
    <None Include="..\..\..\..\Users\Z\Downloads\homework_hw3\testscenes\scene1.txt" />
    <None Include="Release\scene1.test" />
    <None Include="..\..\..\..\Users\Z\Downloads\homework_hw3\testscenes\scene2.test" />
    <None Include="Release\scene2.test" />
    <None Include="Release\scene3.test" />
    <None Include="Release\scene4-ambient.test" />
    <None Include="Release\scene4-diffuse.test" />
    <None Include="Release\scene4-emission.test" />
    <None Include="Release\scene4-specular.test" />
    <None Include="Release\scene5.test" />
    <None Include="Release\scene6.test" />
    <None Include="Release\scene7.test" />
    <None Include="Release\analytic.test" />
    <None Include="Release\cornell.test" />
    <None Include="x64\Release\CPU_PathTracer.exe" />
    <None Include="x64\Release\CPU_PathTracer.pdb" />
    <None Include="Release\direct3x3.test" />
    <None Include="Release\direct9.test" />
    <None Include="Release\dragon.test" />
    <None Include="Release\sphere.test" />
    <None Include="Release\cornellSimple.test" />
    <None Include="Debug\cornellSimple.test" />
    <None Include="Release\cornellNEE.test" />
    <None Include="Release\cornellRR.test" />
    <None Include="..\..\Users\Z\Downloads\homework4-submissionscenes\cornellBRDF.test" />
    <None Include="..\..\Users\Z\Downloads\homework4-submissionscenes\cornellCosine.test" />
    <None Include="..\..\Users\Z\Downloads\homework4-submissionscenes\cornellMIS.test" />
    <None Include="..\..\Users\Z\Downloads\homework4-submissionscenes\dragon.test" />
    <None Include="..\..\Users\Z\Downloads\homework4-submissionscenes\ggx.test" />
    <None Include="..\..\Users\Z\Downloads\homework4-submissionscenes\mis.test" />
    <None Include="Release\cornellBRDF.test" />
    <None Include="Release\cornellCosine.test" />
    <None Include="Release\cornellMIS.test" />
    <None Include="Release\ggx.test" />
    <None Include="Release\mis.test" />
  </ItemGroup>
  <ItemGroup>
    <Image Include="outfile.png">
      <Filter>Resource Files</Filter>
    </Image>
    <Image Include="scene4-ambient.png">
      <Filter>Resource Files</Filter>
    </Image>
    <Image Include="scene4-diffuse.png">
      <Filter>Resource Files</Filter>
    </Image>
    <Image Include="scene4-emission.png">
      <Filter>Resource Files</Filter>
    </Image>
    <Image Include="scene5.png">
      <Filter>Resource Files</Filter>
    </Image>
    <Image Include="scene6.png">
      <Filter>Resource Files</Filter>
    </Image>
    <Image Include="scene7.png">
      <Filter>Resource Files</Filter>
    </Image>
    <Image Include="scene4-specular.png">
      <Filter>Resource Files</Filter>
    </Image>
    <Image Include="analytic.png">
      <Filter>Resource Files</Filter>
    </Image>
    <Image Include="cornell.png">
      <Filter>Resource Files</Filter>
    </Image>
    <Image Include="direct3x3.png">
      <Filter>Resource Files</Filter>
    </Image>
    <Image Include="direct9.png">
      <Filter>Resource Files</Filter>
    </Image>
    <Image Include="sphere.png">
      <Filter>Resource Files</Filter>
    </Image>
    <Image Include="dragon.png">
      <Filter>Resource Files</Filter>
    </Image>
    <Image Include="Release\dragon.png">
      <Filter>Resource Files</Filter>
    </Image>
    <Image Include="cornellSimple.png">
      <Filter>Resource Files</Filter>
    </Image>
    <Image Include="cornellNEE.png">
      <Filter>Resource Files</Filter>
    </Image>
    <Image Include="cornellRR.png">
      <Filter>Resource Files</Filter>
    </Image>
    <Image Include="cornellCosine.png">
      <Filter>Resource Files</Filter>
    </Image>
    <Image Include="cornellBRDF.png">
      <Filter>Resource Files</Filter>
    </Image>
    <Image Include="ggx.png">
      <Filter>Resource Files</Filter>
    </Image>
    <Image Include="mis.png">
      <Filter>Resource Files</Filter>
    </Image>
  </ItemGroup>
  <ItemGroup>
    <Library Include="FreeImage.lib" />
    <Library Include="Release\FreeImage.lib" />
    <Library Include="lib\FreeImage.lib" />
  </ItemGroup>
</Project>